<?xml version="1.0" encoding="utf-8"?>
<Project ToolsVersion="4.0" xmlns="http://schemas.microsoft.com/developer/msbuild/2003">
  <ItemGroup>
    <Filter Include="Source Files">
      <UniqueIdentifier>{4FC737F1-C7A5-4376-A066-2A32D752A2FF}</UniqueIdentifier>
      <Extensions>cpp;c;cc;cxx;c++;cppm;ixx;def;odl;idl;hpj;bat;asm;asmx</Extensions>
    </Filter>
    <Filter Include="Header Files">
      <UniqueIdentifier>{93995380-89BD-4b04-88EB-625FBE52EBFB}</UniqueIdentifier>
      <Extensions>h;hh;hpp;hxx;h++;hm;inl;inc;ipp;xsd</Extensions>
    </Filter>
    <Filter Include="Resource Files">
      <UniqueIdentifier>{67DA6AB6-F800-4c08-8B7A-83BB121AAD01}</UniqueIdentifier>
      <Extensions>rc;ico;cur;bmp;dlg;rc2;rct;bin;rgs;gif;jpg;jpeg;jpe;resx;tiff;tif;png;wav;mfcribbon-ms</Extensions>
    </Filter>
    <Filter Include="Resource Files\Mats">
      <UniqueIdentifier>{e1e4b052-3b49-4e8c-b181-c3f0b07ca496}</UniqueIdentifier>
    </Filter>
    <Filter Include="Resource Files\Scenes">
      <UniqueIdentifier>{5aa93811-a18d-4f60-bdf0-4dae688ddf37}</UniqueIdentifier>
    </Filter>
    <Filter Include="Resource Files\Shaders">
      <UniqueIdentifier>{06e165a1-9e8e-4026-aea0-5608fc337fdd}</UniqueIdentifier>
    </Filter>
    <Filter Include="Resource Files\Shaders\Fx">
      <UniqueIdentifier>{6a605a72-7ec8-4600-ae38-af9cbbd93211}</UniqueIdentifier>
    </Filter>
    <Filter Include="Resource Files\Shaders\Lit">
      <UniqueIdentifier>{32a1bc17-86bc-45ab-a808-4c57eb8a8d2d}</UniqueIdentifier>
    </Filter>
    <Filter Include="Resource Files\Shaders\UnLit">
      <UniqueIdentifier>{7817ae2c-7fac-43ad-b35b-1cc4e6b095e1}</UniqueIdentifier>
    </Filter>
  </ItemGroup>
  <ItemGroup>
    <ClCompile Include="Main.cpp">
      <Filter>Source Files</Filter>
    </ClCompile>
  </ItemGroup>
  <ItemGroup>
    <None Include="..\Build\Assets\Shaders\basic.frag">
      <Filter>Resource Files\Shaders</Filter>
    </None>
    <None Include="..\Build\Assets\Shaders\basic.prog">
      <Filter>Resource Files\Shaders</Filter>
    </None>
    <None Include="..\Build\Assets\Shaders\basic.vert">
      <Filter>Resource Files\Shaders</Filter>
    </None>
    <None Include="..\Build\Assets\Shaders\basic_lit.frag">
      <Filter>Resource Files\Shaders</Filter>
    </None>
    <None Include="..\Build\Assets\Shaders\basic_lit.prog">
      <Filter>Resource Files\Shaders</Filter>
    </None>
    <None Include="..\Build\Assets\Shaders\basic_lit.vert">
      <Filter>Resource Files\Shaders</Filter>
    </None>
    <None Include="..\Build\Assets\Shaders\basic_phong.frag">
      <Filter>Resource Files\Shaders</Filter>
    </None>
    <None Include="..\Build\Assets\Shaders\basic_phong.prog">
      <Filter>Resource Files\Shaders</Filter>
    </None>
    <None Include="..\Build\Assets\Shaders\basic_phong.vert">
      <Filter>Resource Files\Shaders</Filter>
    </None>
    <None Include="..\Build\Assets\Scenes\basic.scn">
      <Filter>Resource Files\Scenes</Filter>
    </None>
    <None Include="..\Build\Assets\Scenes\basic_lit.scn">
      <Filter>Resource Files\Scenes</Filter>
    </None>
    <None Include="..\Build\Assets\Scenes\exScene.scn">
      <Filter>Resource Files\Scenes</Filter>
    </None>
    <None Include="..\Build\Assets\Scenes\Test.scn">
      <Filter>Resource Files\Scenes</Filter>
    </None>
    <None Include="..\Build\Assets\Scenes\texture.scn">
      <Filter>Resource Files\Scenes</Filter>
    </None>
    <None Include="..\Build\Assets\Materials\Box.mtrl">
      <Filter>Resource Files\Mats</Filter>
    </None>
    <None Include="..\Build\Assets\Materials\Cliff.mtrl">
      <Filter>Resource Files\Mats</Filter>
    </None>
    <None Include="..\Build\Assets\Materials\multi.mtrl">
      <Filter>Resource Files\Mats</Filter>
    </None>
    <None Include="..\Build\Assets\Materials\ogre.mtrl">
      <Filter>Resource Files\Mats</Filter>
    </None>
    <None Include="..\Build\Assets\Materials\plane.mtrl">
      <Filter>Resource Files\Mats</Filter>
    </None>
    <None Include="..\Build\Assets\Shaders\Lit\texture.frag">
      <Filter>Resource Files\Shaders\Lit</Filter>
    </None>
    <None Include="..\Build\Assets\Shaders\Lit\texture.prog">
      <Filter>Resource Files\Shaders\Lit</Filter>
    </None>
    <None Include="..\Build\Assets\Shaders\Lit\texture.vert">
      <Filter>Resource Files\Shaders\Lit</Filter>
    </None>
    <None Include="..\Build\Assets\Shaders\Lit\normal.frag">
      <Filter>Resource Files\Shaders\Lit</Filter>
    </None>
    <None Include="..\Build\Assets\Shaders\Lit\normal.prog">
      <Filter>Resource Files\Shaders\Lit</Filter>
    </None>
    <None Include="..\Build\Assets\Shaders\Lit\normal.vert">
      <Filter>Resource Files\Shaders\Lit</Filter>
    </None>
    <None Include="..\Build\Assets\Shaders\UnLit\color.vert">
      <Filter>Resource Files\Shaders\UnLit</Filter>
    </None>
    <None Include="..\Build\Assets\Shaders\UnLit\texture.frag">
      <Filter>Resource Files\Shaders\UnLit</Filter>
    </None>
    <None Include="..\Build\Assets\Shaders\UnLit\texture.prog">
      <Filter>Resource Files\Shaders\UnLit</Filter>
    </None>
    <None Include="..\Build\Assets\Shaders\UnLit\texture.vert">
      <Filter>Resource Files\Shaders\UnLit</Filter>
    </None>
    <None Include="..\Build\Assets\Shaders\UnLit\color.frag">
      <Filter>Resource Files\Shaders\UnLit</Filter>
    </None>
    <None Include="..\Build\Assets\Shaders\UnLit\color.prog">
      <Filter>Resource Files\Shaders\UnLit</Filter>
    </None>
    <None Include="..\Build\Assets\Shaders\Fx\cell.frag">
      <Filter>Resource Files\Shaders\Fx</Filter>
    </None>
    <None Include="..\Build\Assets\Shaders\Fx\cell.prog">
      <Filter>Resource Files\Shaders\Fx</Filter>
    </None>
    <None Include="..\Build\Assets\Shaders\Fx\cell.vert">
      <Filter>Resource Files\Shaders\Fx</Filter>
    </None>
    <None Include="..\Build\Assets\Scenes\Cubemap.scn">
      <Filter>Resource Files\Scenes</Filter>
    </None>
    <None Include="..\Build\Assets\Materials\skybox.mtrl">
      <Filter>Resource Files\Mats</Filter>
    </None>
    <None Include="..\Build\Assets\Shaders\Fx\skybox.frag">
      <Filter>Resource Files\Shaders\Fx</Filter>
    </None>
    <None Include="..\Build\Assets\Shaders\Fx\skybox.prog">
      <Filter>Resource Files\Shaders\Fx</Filter>
    </None>
    <None Include="..\Build\Assets\Shaders\Fx\skybox.vert">
      <Filter>Resource Files\Shaders\Fx</Filter>
    </None>
    <None Include="..\Build\Assets\Scenes\multiLit.scn">
      <Filter>Resource Files\Scenes</Filter>
    </None>
    <None Include="..\Build\Assets\Shaders\Fx\reflection.frag">
      <Filter>Resource Files\Shaders\Fx</Filter>
    </None>
    <None Include="..\Build\Assets\Shaders\Fx\reflection.prog">
      <Filter>Resource Files\Shaders\Fx</Filter>
    </None>
    <None Include="..\Build\Assets\Shaders\Fx\reflection.vert">
      <Filter>Resource Files\Shaders\Fx</Filter>
    </None>
    <None Include="..\Build\Assets\Materials\reflection.mtrl">
      <Filter>Resource Files\Mats</Filter>
    </None>
    <None Include="..\Build\Assets\Shaders\Fx\refraction.frag">
      <Filter>Resource Files\Shaders\Fx</Filter>
    </None>
    <None Include="..\Build\Assets\Shaders\Fx\refraction.prog">
      <Filter>Resource Files\Shaders\Fx</Filter>
    </None>
    <None Include="..\Build\Assets\Shaders\Fx\refraction.vert">
      <Filter>Resource Files\Shaders\Fx</Filter>
    </None>
    <None Include="..\Build\Assets\Materials\refraction.mtrl">
      <Filter>Resource Files\Mats</Filter>
    </None>
    <None Include="..\Build\Assets\Shaders\Fx\reflect_refract.frag">
      <Filter>Resource Files\Shaders\Fx</Filter>
    </None>
    <None Include="..\Build\Assets\Shaders\Fx\reflect_refract.prog">
      <Filter>Resource Files\Shaders\Fx</Filter>
    </None>
    <None Include="..\Build\Assets\Shaders\Fx\reflect_refract.vert">
      <Filter>Resource Files\Shaders\Fx</Filter>
    </None>
    <None Include="..\Build\Assets\Materials\reflect_refract.mtrl">
      <Filter>Resource Files\Mats</Filter>
    </None>
    <None Include="..\Build\Assets\Scenes\rtt.scn">
      <Filter>Resource Files\Scenes</Filter>
    </None>
    <None Include="..\Build\Assets\Materials\rtt.mtrl">
      <Filter>Resource Files\Mats</Filter>
    </None>
  </ItemGroup>
</Project>